
Microsoft Visual Studio Solution File, Format Version 12.00
# Visual Studio Version 17
VisualStudioVersion = 17.9.34723.18
MinimumVisualStudioVersion = 10.0.40219.1
Project("{FAE04EC0-301F-11D3-BF4B-00C04F79EFBC}") = "GUI", "GUI\GUI.csproj", "{674045F0-580A-4249-AB25-151C664A1853}"
EndProject
Project("{FAE04EC0-301F-11D3-BF4B-00C04F79EFBC}") = "BE", "BE\BE.csproj", "{9FE81BA2-A0BD-4EB9-BEFC-0EA3D22EB715}"
EndProject
Project("{FAE04EC0-301F-11D3-BF4B-00C04F79EFBC}") = "DAL", "DAL\DAL.csproj", "{DB5C6F50-8BA4-4E15-B675-C7A381CAD117}"
EndProject
Project("{FAE04EC0-301F-11D3-BF4B-00C04F79EFBC}") = "BLL", "BLL\BLL.csproj", "{6550814B-EF5F-496F-AB71-5F6B0B392243}"
EndProject
Project("{FAE04EC0-301F-11D3-BF4B-00C04F79EFBC}") = "Services", "Services\Services.csproj", "{C0417EEA-8C5B-46D0-BF51-6141162A537D}"
EndProject
Global
	GlobalSection(SolutionConfigurationPlatforms) = preSolution
		Debug|Any CPU = Debug|Any CPU
		Release|Any CPU = Release|Any CPU
	EndGlobalSection
	GlobalSection(ProjectConfigurationPlatforms) = postSolution
		{674045F0-580A-4249-AB25-151C664A1853}.Debug|Any CPU.ActiveCfg = Debug|Any CPU
		{674045F0-580A-4249-AB25-151C664A1853}.Debug|Any CPU.Build.0 = Debug|Any CPU
		{674045F0-580A-4249-AB25-151C664A1853}.Release|Any CPU.ActiveCfg = Release|Any CPU
		{674045F0-580A-4249-AB25-151C664A1853}.Release|Any CPU.Build.0 = Release|Any CPU
		{9FE81BA2-A0BD-4EB9-BEFC-0EA3D22EB715}.Debug|Any CPU.ActiveCfg = Debug|Any CPU
		{9FE81BA2-A0BD-4EB9-BEFC-0EA3D22EB715}.Debug|Any CPU.Build.0 = Debug|Any CPU
		{9FE81BA2-A0BD-4EB9-BEFC-0EA3D22EB715}.Release|Any CPU.ActiveCfg = Release|Any CPU
		{9FE81BA2-A0BD-4EB9-BEFC-0EA3D22EB715}.Release|Any CPU.Build.0 = Release|Any CPU
		{DB5C6F50-8BA4-4E15-B675-C7A381CAD117}.Debug|Any CPU.ActiveCfg = Debug|Any CPU
		{DB5C6F50-8BA4-4E15-B675-C7A381CAD117}.Debug|Any CPU.Build.0 = Debug|Any CPU
		{DB5C6F50-8BA4-4E15-B675-C7A381CAD117}.Release|Any CPU.ActiveCfg = Release|Any CPU
		{DB5C6F50-8BA4-4E15-B675-C7A381CAD117}.Release|Any CPU.Build.0 = Release|Any CPU
		{6550814B-EF5F-496F-AB71-5F6B0B392243}.Debug|Any CPU.ActiveCfg = Debug|Any CPU
		{6550814B-EF5F-496F-AB71-5F6B0B392243}.Debug|Any CPU.Build.0 = Debug|Any CPU
		{6550814B-EF5F-496F-AB71-5F6B0B392243}.Release|Any CPU.ActiveCfg = Release|Any CPU
		{6550814B-EF5F-496F-AB71-5F6B0B392243}.Release|Any CPU.Build.0 = Release|Any CPU
		{C0417EEA-8C5B-46D0-BF51-6141162A537D}.Debug|Any CPU.ActiveCfg = Debug|Any CPU
		{C0417EEA-8C5B-46D0-BF51-6141162A537D}.Debug|Any CPU.Build.0 = Debug|Any CPU
		{C0417EEA-8C5B-46D0-BF51-6141162A537D}.Release|Any CPU.ActiveCfg = Release|Any CPU
		{C0417EEA-8C5B-46D0-BF51-6141162A537D}.Release|Any CPU.Build.0 = Release|Any CPU
	EndGlobalSection
	GlobalSection(SolutionProperties) = preSolution
		HideSolutionNode = FALSE
	EndGlobalSection
	GlobalSection(ExtensibilityGlobals) = postSolution
		SolutionGuid = {AEE399DF-D9F4-4479-9BD9-F810DBFF85D3}
	EndGlobalSection
EndGlobal
